version = 1
requires-python = ">=3.12"

[[package]]
name = "attrs"
version = "25.4.0"
source = { registry = "https://pypi.org/simple" }
sdist = { url = "https://files.pythonhosted.org/packages/6b/5c/685e6633917e101e5dcb62b9dd76946cbb57c26e133bae9e0cd36033c0a9/attrs-25.4.0.tar.gz", hash = "sha256:16d5969b87f0859ef33a48b35d55ac1be6e42ae49d5e853b597db70c35c57e11", size = 934251 }
wheels = [
    { url = "https://files.pythonhosted.org/packages/3a/2a/7cc015f5b9f5db42b7d48157e23356022889fc354a2813c15934b7cb5c0e/attrs-25.4.0-py3-none-any.whl", hash = "sha256:adcf7e2a1fb3b36ac48d97835bb6d8ade15b8dcce26aba8bf1d14847b57a3373", size = 67615 },
]

[[package]]
name = "colorama"
version = "0.4.6"
source = { registry = "https://pypi.org/simple" }
sdist = { url = "https://files.pythonhosted.org/packages/d8/53/6f443c9a4a8358a93a6792e2acffb9d9d5cb0a5cfd8802644b7b1c9a02e4/colorama-0.4.6.tar.gz", hash = "sha256:08695f5cb7ed6e0531a20572697297273c47b8cae5a63ffc6d6ed5c201be6e44", size = 27697 }
wheels = [
    { url = "https://files.pythonhosted.org/packages/d1/d6/3965ed04c63042e047cb6a3e6ed1a63a35087b6a609aa3a15ed8ac56c221/colorama-0.4.6-py2.py3-none-any.whl", hash = "sha256:4f1d9991f5acc0ca119f9d443620b77f9d6b33703e51011c16baf57afb285fc6", size = 25335 },
]

[[package]]
name = "iniconfig"
version = "2.3.0"
source = { registry = "https://pypi.org/simple" }
sdist = { url = "https://files.pythonhosted.org/packages/72/34/14ca021ce8e5dfedc35312d08ba8bf51fdd999c576889fc2c24cb97f4f10/iniconfig-2.3.0.tar.gz", hash = "sha256:c76315c77db068650d49c5b56314774a7804df16fee4402c1f19d6d15d8c4730", size = 20503 }
wheels = [
    { url = "https://files.pythonhosted.org/packages/cb/b1/3846dd7f199d53cb17f49cba7e651e9ce294d8497c8c150530ed11865bb8/iniconfig-2.3.0-py3-none-any.whl", hash = "sha256:f631c04d2c48c52b84d0d0549c99ff3859c98df65b3101406327ecc7d53fbf12", size = 7484 },
]

[[package]]
name = "jsonschema"
version = "4.26.0"
source = { registry = "https://pypi.org/simple" }
dependencies = [
    { name = "attrs" },
    { name = "jsonschema-specifications" },
    { name = "referencing" },
    { name = "rpds-py" },
]
sdist = { url = "https://files.pythonhosted.org/packages/b3/fc/e067678238fa451312d4c62bf6e6cf5ec56375422aee02f9cb5f909b3047/jsonschema-4.26.0.tar.gz", hash = "sha256:0c26707e2efad8aa1bfc5b7ce170f3fccc2e4918ff85989ba9ffa9facb2be326", size = 366583 }
wheels = [
    { url = "https://files.pythonhosted.org/packages/69/90/f63fb5873511e014207a475e2bb4e8b2e570d655b00ac19a9a0ca0a385ee/jsonschema-4.26.0-py3-none-any.whl", hash = "sha256:d489f15263b8d200f8387e64b4c3a75f06629559fb73deb8fdfb525f2dab50ce", size = 90630 },
]

[[package]]
name = "jsonschema-specifications"
version = "2025.9.1"
source = { registry = "https://pypi.org/simple" }
dependencies = [
    { name = "referencing" },
]
sdist = { url = "https://files.pythonhosted.org/packages/19/74/a633ee74eb36c44aa6d1095e7cc5569bebf04342ee146178e2d36600708b/jsonschema_specifications-2025.9.1.tar.gz", hash = "sha256:b540987f239e745613c7a9176f3edb72b832a4ac465cf02712288397832b5e8d", size = 32855 }
wheels = [
    { url = "https://files.pythonhosted.org/packages/41/45/1a4ed80516f02155c51f51e8cedb3c1902296743db0bbc66608a0db2814f/jsonschema_specifications-2025.9.1-py3-none-any.whl", hash = "sha256:98802fee3a11ee76ecaca44429fda8a41bff98b00a0f2838151b113f210cc6fe", size = 18437 },
]

[[package]]
name = "packaging"
version = "26.0"
source = { registry = "https://pypi.org/simple" }
sdist = { url = "https://files.pythonhosted.org/packages/65/ee/299d360cdc32edc7d2cf530f3accf79c4fca01e96ffc950d8a52213bd8e4/packaging-26.0.tar.gz", hash = "sha256:00243ae351a257117b6a241061796684b084ed1c516a08c48a3f7e147a9d80b4", size = 143416 }
wheels = [
    { url = "https://files.pythonhosted.org/packages/b7/b9/c538f279a4e237a006a2c98387d081e9eb060d203d8ed34467cc0f0b9b53/packaging-26.0-py3-none-any.whl", hash = "sha256:b36f1fef9334a5588b4166f8bcd26a14e521f2b55e6b9de3aaa80d3ff7a37529", size = 74366 },
]

[[package]]
name = "pluggy"
version = "1.6.0"
source = { registry = "https://pypi.org/simple" }
sdist = { url = "https://files.pythonhosted.org/packages/f9/e2/3e91f31a7d2b083fe6ef3fa267035b518369d9511ffab804f839851d2779/pluggy-1.6.0.tar.gz", hash = "sha256:7dcc130b76258d33b90f61b658791dede3486c3e6bfb003ee5c9bfb396dd22f3", size = 69412 }
wheels = [
    { url = "https://files.pythonhosted.org/packages/54/20/4d324d65cc6d9205fabedc306948156824eb9f0ee1633355a8f7ec5c66bf/pluggy-1.6.0-py3-none-any.whl", hash = "sha256:e920276dd6813095e9377c0bc5566d94c932c33b27a3e3945d8389c374dd4746", size = 20538 },
]

[[package]]
name = "pygments"
version = "2.19.2"
source = { registry = "https://pypi.org/simple" }
sdist = { url = "https://files.pythonhosted.org/packages/b0/77/a5b8c569bf593b0140bde72ea885a803b82086995367bf2037de0159d924/pygments-2.19.2.tar.gz", hash = "sha256:636cb2477cec7f8952536970bc533bc43743542f70392ae026374600add5b887", size = 4968631 }
wheels = [
    { url = "https://files.pythonhosted.org/packages/c7/21/705964c7812476f378728bdf590ca4b771ec72385c533964653c68e86bdc/pygments-2.19.2-py3-none-any.whl", hash = "sha256:86540386c03d588bb81d44bc3928634ff26449851e99741617ecb9037ee5ec0b", size = 1225217 },
]

[[package]]
name = "pytest"
version = "9.0.2"
source = { registry = "https://pypi.org/simple" }
dependencies = [
    { name = "colorama", marker = "sys_platform == 'win32'" },
    { name = "iniconfig" },
    { name = "packaging" },
    { name = "pluggy" },
    { name = "pygments" },
]
sdist = { url = "https://files.pythonhosted.org/packages/d1/db/7ef3487e0fb0049ddb5ce41d3a49c235bf9ad299b6a25d5780a89f19230f/pytest-9.0.2.tar.gz", hash = "sha256:75186651a92bd89611d1d9fc20f0b4345fd827c41ccd5c299a868a05d70edf11", size = 1568901 }
wheels = [
    { url = "https://files.pythonhosted.org/packages/3b/ab/b3226f0bd7cdcf710fbede2b3548584366da3b19b5021e74f5bde2a8fa3f/pytest-9.0.2-py3-none-any.whl", hash = "sha256:711ffd45bf766d5264d487b917733b453d917afd2b0ad65223959f59089f875b", size = 374801 },
]

[[package]]
name = "referencing"
version = "0.37.0"
source = { registry = "https://pypi.org/simple" }
dependencies = [
    { name = "attrs" },
    { name = "rpds-py" },
    { name = "typing-extensions", marker = "python_full_version < '3.13'" },
]
sdist = { url = "https://files.pythonhosted.org/packages/22/f5/df4e9027acead3ecc63e50fe1e36aca1523e1719559c499951bb4b53188f/referencing-0.37.0.tar.gz", hash = "sha256:44aefc3142c5b842538163acb373e24cce6632bd54bdb01b21ad5863489f50d8", size = 78036 }
wheels = [
    { url = "https://files.pythonhosted.org/packages/2c/58/ca301544e1fa93ed4f80d724bf5b194f6e4b945841c5bfd555878eea9fcb/referencing-0.37.0-py3-none-any.whl", hash = "sha256:381329a9f99628c9069361716891d34ad94af76e461dcb0335825aecc7692231", size = 26766 },
]

[[package]]
name = "rpds-py"
version = "0.30.0"
source = { registry = "https://pypi.org/simple" }
sdist = { url = "https://files.pythonhosted.org/packages/20/af/3f2f423103f1113b36230496629986e0ef7e199d2aa8392452b484b38ced/rpds_py-0.30.0.tar.gz", hash = "sha256:dd8ff7cf90014af0c0f787eea34794ebf6415242ee1d6fa91eaba725cc441e84", size = 69469 }
wheels = [
    { url = "https://files.pythonhosted.org/packages/03/e7/98a2f4ac921d82f33e03f3835f5bf3a4a40aa1bfdc57975e74a97b2b4bdd/rpds_py-0.30.0-cp312-cp312-macosx_10_12_x86_64.whl", hash = "sha256:a161f20d9a43006833cd7068375a94d035714d73a172b681d8881820600abfad", size = 375086 },
    { url = "https://files.pythonhosted.org/packages/4d/a1/bca7fd3d452b272e13335db8d6b0b3ecde0f90ad6f16f3328c6fb150c889/rpds_py-0.30.0-cp312-cp312-macosx_11_0_arm64.whl", hash = "sha256:6abc8880d9d036ecaafe709079969f56e876fcf107f7a8e9920ba6d5a3878d05", size = 359053 },
    { url = "https://files.pythonhosted.org/packages/65/1c/ae157e83a6357eceff62ba7e52113e3ec4834a84cfe07fa4b0757a7d105f/rpds_py-0.30.0-cp312-cp312-manylinux_2_17_aarch64.manylinux2014_aarch64.whl", hash = "sha256:ca28829ae5f5d569bb62a79512c842a03a12576375d5ece7d2cadf8abe96ec28", size = 390763 },
    { url = "https://files.pythonhosted.org/packages/d4/36/eb2eb8515e2ad24c0bd43c3ee9cd74c33f7ca6430755ccdb240fd3144c44/rpds_py-0.30.0-cp312-cp312-manylinux_2_17_armv7l.manylinux2014_armv7l.whl", hash = "sha256:a1010ed9524c73b94d15919ca4d41d8780980e1765babf85f9a2f90d247153dd", size = 408951 },
    { url = "https://files.pythonhosted.org/packages/d6/65/ad8dc1784a331fabbd740ef6f71ce2198c7ed0890dab595adb9ea2d775a1/rpds_py-0.30.0-cp312-cp312-manylinux_2_17_ppc64le.manylinux2014_ppc64le.whl", hash = "sha256:f8d1736cfb49381ba528cd5baa46f82fdc65c06e843dab24dd70b63d09121b3f", size = 514622 },
    { url = "https://files.pythonhosted.org/packages/63/8e/0cfa7ae158e15e143fe03993b5bcd743a59f541f5952e1546b1ac1b5fd45/rpds_py-0.30.0-cp312-cp312-manylinux_2_17_s390x.manylinux2014_s390x.whl", hash = "sha256:d948b135c4693daff7bc2dcfc4ec57237a29bd37e60c2fabf5aff2bbacf3e2f1", size = 414492 },
    { url = "https://files.pythonhosted.org/packages/60/1b/6f8f29f3f995c7ffdde46a626ddccd7c63aefc0efae881dc13b6e5d5bb16/rpds_py-0.30.0-cp312-cp312-manylinux_2_17_x86_64.manylinux2014_x86_64.whl", hash = "sha256:47f236970bccb2233267d89173d3ad2703cd36a0e2a6e92d0560d333871a3d23", size = 394080 },
    { url = "https://files.pythonhosted.org/packages/6d/d5/a266341051a7a3ca2f4b750a3aa4abc986378431fc2da508c5034d081b70/rpds_py-0.30.0-cp312-cp312-manylinux_2_31_riscv64.whl", hash = "sha256:2e6ecb5a5bcacf59c3f912155044479af1d0b6681280048b338b28e364aca1f6", size = 408680 },
    { url = "https://files.pythonhosted.org/packages/10/3b/71b725851df9ab7a7a4e33cf36d241933da66040d195a84781f49c50490c/rpds_py-0.30.0-cp312-cp312-manylinux_2_5_i686.manylinux1_i686.whl", hash = "sha256:a8fa71a2e078c527c3e9dc9fc5a98c9db40bcc8a92b4e8858e36d329f8684b51", size = 423589 },
    { url = "https://files.pythonhosted.org/packages/00/2b/e59e58c544dc9bd8bd8384ecdb8ea91f6727f0e37a7131baeff8d6f51661/rpds_py-0.30.0-cp312-cp312-musllinux_1_2_aarch64.whl", hash = "sha256:73c67f2db7bc334e518d097c6d1e6fed021bbc9b7d678d6cc433478365d1d5f5", size = 573289 },
    { url = "https://files.pythonhosted.org/packages/da/3e/a18e6f5b460893172a7d6a680e86d3b6bc87a54c1f0b03446a3c8c7b588f/rpds_py-0.30.0-cp312-cp312-musllinux_1_2_i686.whl", hash = "sha256:5ba103fb455be00f3b1c2076c9d4264bfcb037c976167a6047ed82f23153f02e", size = 599737 },
    { url = "https://files.pythonhosted.org/packages/5c/e2/714694e4b87b85a18e2c243614974413c60aa107fd815b8cbc42b873d1d7/rpds_py-0.30.0-cp312-cp312-musllinux_1_2_x86_64.whl", hash = "sha256:7cee9c752c0364588353e627da8a7e808a66873672bcb5f52890c33fd965b394", size = 563120 },
    { url = "https://files.pythonhosted.org/packages/6f/ab/d5d5e3bcedb0a77f4f613706b750e50a5a3ba1c15ccd3665ecc636c968fd/rpds_py-0.30.0-cp312-cp312-win32.whl", hash = "sha256:1ab5b83dbcf55acc8b08fc62b796ef672c457b17dbd7820a11d6c52c06839bdf", size = 223782 },
    { url = "https://files.pythonhosted.org/packages/39/3b/f786af9957306fdc38a74cef405b7b93180f481fb48453a114bb6465744a/rpds_py-0.30.0-cp312-cp312-win_amd64.whl", hash = "sha256:a090322ca841abd453d43456ac34db46e8b05fd9b3b4ac0c78bcde8b089f959b", size = 240463 },
    { url = "https://files.pythonhosted.org/packages/f3/d2/b91dc748126c1559042cfe41990deb92c4ee3e2b415f6b5234969ffaf0cc/rpds_py-0.30.0-cp312-cp312-win_arm64.whl", hash = "sha256:669b1805bd639dd2989b281be2cfd951c6121b65e729d9b843e9639ef1fd555e", size = 230868 },
    { url = "https://files.pythonhosted.org/packages/ed/dc/d61221eb88ff410de3c49143407f6f3147acf2538c86f2ab7ce65ae7d5f9/rpds_py-0.30.0-cp313-cp313-macosx_10_12_x86_64.whl", hash = "sha256:f83424d738204d9770830d35290ff3273fbb02b41f919870479fab14b9d303b2", size = 374887 },
    { url = "https://files.pythonhosted.org/packages/fd/32/55fb50ae104061dbc564ef15cc43c013dc4a9f4527a1f4d99baddf56fe5f/rpds_py-0.30.0-cp313-cp313-macosx_11_0_arm64.whl", hash = "sha256:e7536cd91353c5273434b4e003cbda89034d67e7710eab8761fd918ec6c69cf8", size = 358904 },
    { url = "https://files.pythonhosted.org/packages/58/70/faed8186300e3b9bdd138d0273109784eea2396c68458ed580f885dfe7ad/rpds_py-0.30.0-cp313-cp313-manylinux_2_17_aarch64.manylinux2014_aarch64.whl", hash = "sha256:2771c6c15973347f50fece41fc447c054b7ac2ae0502388ce3b6738cd366e3d4", size = 389945 },
    { url = "https://files.pythonhosted.org/packages/bd/a8/073cac3ed2c6387df38f71296d002ab43496a96b92c823e76f46b8af0543/rpds_py-0.30.0-cp313-cp313-manylinux_2_17_armv7l.manylinux2014_armv7l.whl", hash = "sha256:0a59119fc6e3f460315fe9d08149f8102aa322299deaa5cab5b40092345c2136", size = 407783 },
    { url = "https://files.pythonhosted.org/packages/77/57/5999eb8c58671f1c11eba084115e77a8899d6e694d2a18f69f0ba471ec8b/rpds_py-0.30.0-cp313-cp313-manylinux_2_17_ppc64le.manylinux2014_ppc64le.whl", hash = "sha256:76fec018282b4ead0364022e3c54b60bf368b9d926877957a8624b58419169b7", size = 515021 },
    { url = "https://files.pythonhosted.org/packages/e0/af/5ab4833eadc36c0a8ed2bc5c0de0493c04f6c06de223170bd0798ff98ced/rpds_py-0.30.0-cp313-cp313-manylinux_2_17_s390x.manylinux2014_s390x.whl", hash = "sha256:692bef75a5525db97318e8cd061542b5a79812d711ea03dbc1f6f8dbb0c5f0d2", size = 414589 },
    { url = "https://files.pythonhosted.org/packages/b7/de/f7192e12b21b9e9a68a6d0f249b4af3fdcdff8418be0767a627564afa1f1/rpds_py-0.30.0-cp313-cp313-manylinux_2_17_x86_64.manylinux2014_x86_64.whl", hash = "sha256:9027da1ce107104c50c81383cae773ef5c24d296dd11c99e2629dbd7967a20c6", size = 394025 },
    { url = "https://files.pythonhosted.org/packages/91/c4/fc70cd0249496493500e7cc2de87504f5aa6509de1e88623431fec76d4b6/rpds_py-0.30.0-cp313-cp313-manylinux_2_31_riscv64.whl", hash = "sha256:9cf69cdda1f5968a30a359aba2f7f9aa648a9ce4b580d6826437f2b291cfc86e", size = 408895 },
    { url = "https://files.pythonhosted.org/packages/58/95/d9275b05ab96556fefff73a385813eb66032e4c99f411d0795372d9abcea/rpds_py-0.30.0-cp313-cp313-manylinux_2_5_i686.manylinux1_i686.whl", hash = "sha256:a4796a717bf12b9da9d3ad002519a86063dcac8988b030e405704ef7d74d2d9d", size = 422799 },
    { url = "https://files.pythonhosted.org/packages/06/c1/3088fc04b6624eb12a57eb814f0d4997a44b0d208d6cace713033ff1a6ba/rpds_py-0.30.0-cp313-cp313-musllinux_1_2_aarch64.whl", hash = "sha256:5d4c2aa7c50ad4728a094ebd5eb46c452e9cb7edbfdb18f9e1221f597a73e1e7", size = 572731 },
    { url = "https://files.pythonhosted.org/packages/d8/42/c612a833183b39774e8ac8fecae81263a68b9583ee343db33ab571a7ce55/rpds_py-0.30.0-cp313-cp313-musllinux_1_2_i686.whl", hash = "sha256:ba81a9203d07805435eb06f536d95a266c21e5b2dfbf6517748ca40c98d19e31", size = 599027 },
    { url = "https://files.pythonhosted.org/packages/5f/60/525a50f45b01d70005403ae0e25f43c0384369ad24ffe46e8d9068b50086/rpds_py-0.30.0-cp313-cp313-musllinux_1_2_x86_64.whl", hash = "sha256:945dccface01af02675628334f7cf49c2af4c1c904748efc5cf7bbdf0b579f95", size = 563020 },
    { url = "https://files.pythonhosted.org/packages/0b/5d/47c4655e9bcd5ca907148535c10e7d489044243cc9941c16ed7cd53be91d/rpds_py-0.30.0-cp313-cp313-win32.whl", hash = "sha256:b40fb160a2db369a194cb27943582b38f79fc4887291417685f3ad693c5a1d5d", size = 223139 },
    { url = "https://files.pythonhosted.org/packages/f2/e1/485132437d20aa4d3e1d8b3fb5a5e65aa8139f1e097080c2a8443201742c/rpds_py-0.30.0-cp313-cp313-win_amd64.whl", hash = "sha256:806f36b1b605e2d6a72716f321f20036b9489d29c51c91f4dd29a3e3afb73b15", size = 240224 },
    { url = "https://files.pythonhosted.org/packages/24/95/ffd128ed1146a153d928617b0ef673960130be0009c77d8fbf0abe306713/rpds_py-0.30.0-cp313-cp313-win_arm64.whl", hash = "sha256:d96c2086587c7c30d44f31f42eae4eac89b60dabbac18c7669be3700f13c3ce1", size = 230645 },
    { url = "https://files.pythonhosted.org/packages/ff/1b/b10de890a0def2a319a2626334a7f0ae388215eb60914dbac8a3bae54435/rpds_py-0.30.0-cp313-cp313t-macosx_10_12_x86_64.whl", hash = "sha256:eb0b93f2e5c2189ee831ee43f156ed34e2a89a78a66b98cadad955972548be5a", size = 364443 },
    { url = "https://files.pythonhosted.org/packages/0d/bf/27e39f5971dc4f305a4fb9c672ca06f290f7c4e261c568f3dea16a410d47/rpds_py-0.30.0-cp313-cp313t-macosx_11_0_arm64.whl", hash = "sha256:922e10f31f303c7c920da8981051ff6d8c1a56207dbdf330d9047f6d30b70e5e", size = 353375 },
    { url = "https://files.pythonhosted.org/packages/40/58/442ada3bba6e8e6615fc00483135c14a7538d2ffac30e2d933ccf6852232/rpds_py-0.30.0-cp313-cp313t-manylinux_2_17_aarch64.manylinux2014_aarch64.whl", hash = "sha256:cdc62c8286ba9bf7f47befdcea13ea0e26bf294bda99758fd90535cbaf408000", size = 383850 },
    { url = "https://files.pythonhosted.org/packages/14/14/f59b0127409a33c6ef6f5c1ebd5ad8e32d7861c9c7adfa9a624fc3889f6c/rpds_py-0.30.0-cp313-cp313t-manylinux_2_17_armv7l.manylinux2014_armv7l.whl", hash = "sha256:47f9a91efc418b54fb8190a6b4aa7813a23fb79c51f4bb84e418f5476c38b8db", size = 392812 },
    { url = "https://files.pythonhosted.org/packages/b3/66/e0be3e162ac299b3a22527e8913767d869e6cc75c46bd844aa43fb81ab62/rpds_py-0.30.0-cp313-cp313t-manylinux_2_17_ppc64le.manylinux2014_ppc64le.whl", hash = "sha256:1f3587eb9b17f3789ad50824084fa6f81921bbf9a795826570bda82cb3ed91f2", size = 517841 },
    { url = "https://files.pythonhosted.org/packages/3d/55/fa3b9cf31d0c963ecf1ba777f7cf4b2a2c976795ac430d24a1f43d25a6ba/rpds_py-0.30.0-cp313-cp313t-manylinux_2_17_s390x.manylinux2014_s390x.whl", hash = "sha256:39c02563fc592411c2c61d26b6c5fe1e51eaa44a75aa2c8735ca88b0d9599daa", size = 408149 },
    { url = "https://files.pythonhosted.org/packages/60/ca/780cf3b1a32b18c0f05c441958d3758f02544f1d613abf9488cd78876378/rpds_py-0.30.0-cp313-cp313t-manylinux_2_17_x86_64.manylinux2014_x86_64.whl", hash = "sha256:51a1234d8febafdfd33a42d97da7a43f5dcb120c1060e352a3fbc0c6d36e2083", size = 383843 },
    { url = "https://files.pythonhosted.org/packages/82/86/d5f2e04f2aa6247c613da0c1dd87fcd08fa17107e858193566048a1e2f0a/rpds_py-0.30.0-cp313-cp313t-manylinux_2_31_riscv64.whl", hash = "sha256:eb2c4071ab598733724c08221091e8d80e89064cd472819285a9ab0f24bcedb9", size = 396507 },
    { url = "https://files.pythonhosted.org/packages/4b/9a/453255d2f769fe44e07ea9785c8347edaf867f7026872e76c1ad9f7bed92/rpds_py-0.30.0-cp313-cp313t-manylinux_2_5_i686.manylinux1_i686.whl", hash = "sha256:6bdfdb946967d816e6adf9a3d8201bfad269c67efe6cefd7093ef959683c8de0", size = 414949 },
    { url = "https://files.pythonhosted.org/packages/a3/31/622a86cdc0c45d6df0e9ccb6becdba5074735e7033c20e401a6d9d0e2ca0/rpds_py-0.30.0-cp313-cp313t-musllinux_1_2_aarch64.whl", hash = "sha256:c77afbd5f5250bf27bf516c7c4a016813eb2d3e116139aed0096940c5982da94", size = 565790 },
    { url = "https://files.pythonhosted.org/packages/1c/5d/15bbf0fb4a3f58a3b1c67855ec1efcc4ceaef4e86644665fff03e1b66d8d/rpds_py-0.30.0-cp313-cp313t-musllinux_1_2_i686.whl", hash = "sha256:61046904275472a76c8c90c9ccee9013d70a6d0f73eecefd38c1ae7c39045a08", size = 590217 },
    { url = "https://files.pythonhosted.org/packages/6d/61/21b8c41f68e60c8cc3b2e25644f0e3681926020f11d06ab0b78e3c6bbff1/rpds_py-0.30.0-cp313-cp313t-musllinux_1_2_x86_64.whl", hash = "sha256:4c5f36a861bc4b7da6516dbdf302c55313afa09b81931e8280361a4f6c9a2d27", size = 555806 },
    { url = "https://files.pythonhosted.org/packages/f9/39/7e067bb06c31de48de3eb200f9fc7c58982a4d3db44b07e73963e10d3be9/rpds_py-0.30.0-cp313-cp313t-win32.whl", hash = "sha256:3d4a69de7a3e50ffc214ae16d79d8fbb0922972da0356dcf4d0fdca2878559c6", size = 211341 },
    { url = "https://files.pythonhosted.org/packages/0a/4d/222ef0b46443cf4cf46764d9c630f3fe4abaa7245be9417e56e9f52b8f65/rpds_py-0.30.0-cp313-cp313t-win_amd64.whl", hash = "sha256:f14fc5df50a716f7ece6a80b6c78bb35ea2ca47c499e422aa4463455dd96d56d", size = 225768 },
    { url = "https://files.pythonhosted.org/packages/86/81/dad16382ebbd3d0e0328776d8fd7ca94220e4fa0798d1dc5e7da48cb3201/rpds_py-0.30.0-cp314-cp314-macosx_10_12_x86_64.whl", hash = "sha256:68f19c879420aa08f61203801423f6cd5ac5f0ac4ac82a2368a9fcd6a9a075e0", size = 362099 },
    { url = "https://files.pythonhosted.org/packages/2b/60/19f7884db5d5603edf3c6bce35408f45ad3e97e10007df0e17dd57af18f8/rpds_py-0.30.0-cp314-cp314-macosx_11_0_arm64.whl", hash = "sha256:ec7c4490c672c1a0389d319b3a9cfcd098dcdc4783991553c332a15acf7249be", size = 353192 },
    { url = "https://files.pythonhosted.org/packages/bf/c4/76eb0e1e72d1a9c4703c69607cec123c29028bff28ce41588792417098ac/rpds_py-0.30.0-cp314-cp314-manylinux_2_17_aarch64.manylinux2014_aarch64.whl", hash = "sha256:f251c812357a3fed308d684a5079ddfb9d933860fc6de89f2b7ab00da481e65f", size = 384080 },
    { url = "https://files.pythonhosted.org/packages/72/87/87ea665e92f3298d1b26d78814721dc39ed8d2c74b86e83348d6b48a6f31/rpds_py-0.30.0-cp314-cp314-manylinux_2_17_armv7l.manylinux2014_armv7l.whl", hash = "sha256:ac98b175585ecf4c0348fd7b29c3864bda53b805c773cbf7bfdaffc8070c976f", size = 394841 },
    { url = "https://files.pythonhosted.org/packages/77/ad/7783a89ca0587c15dcbf139b4a8364a872a25f861bdb88ed99f9b0dec985/rpds_py-0.30.0-cp314-cp314-manylinux_2_17_ppc64le.manylinux2014_ppc64le.whl", hash = "sha256:3e62880792319dbeb7eb866547f2e35973289e7d5696c6e295476448f5b63c87", size = 516670 },
    { url = "https://files.pythonhosted.org/packages/5b/3c/2882bdac942bd2172f3da574eab16f309ae10a3925644e969536553cb4ee/rpds_py-0.30.0-cp314-cp314-manylinux_2_17_s390x.manylinux2014_s390x.whl", hash = "sha256:4e7fc54e0900ab35d041b0601431b0a0eb495f0851a0639b6ef90f7741b39a18", size = 408005 },
    { url = "https://files.pythonhosted.org/packages/ce/81/9a91c0111ce1758c92516a3e44776920b579d9a7c09b2b06b642d4de3f0f/rpds_py-0.30.0-cp314-cp314-manylinux_2_17_x86_64.manylinux2014_x86_64.whl", hash = "sha256:47e77dc9822d3ad616c3d5759ea5631a75e5809d5a28707744ef79d7a1bcfcad", size = 382112 },
    { url = "https://files.pythonhosted.org/packages/cf/8e/1da49d4a107027e5fbc64daeab96a0706361a2918da10cb41769244b805d/rpds_py-0.30.0-cp314-cp314-manylinux_2_31_riscv64.whl", hash = "sha256:b4dc1a6ff022ff85ecafef7979a2c6eb423430e05f1165d6688234e62ba99a07", size = 399049 },
    { url = "https://files.pythonhosted.org/packages/df/5a/7ee239b1aa48a127570ec03becbb29c9d5a9eb092febbd1699d567cae859/rpds_py-0.30.0-cp314-cp314-manylinux_2_5_i686.manylinux1_i686.whl", hash = "sha256:4559c972db3a360808309e06a74628b95eaccbf961c335c8fe0d590cf587456f", size = 415661 },
    { url = "https://files.pythonhosted.org/packages/70/ea/caa143cf6b772f823bc7929a45da1fa83569ee49b11d18d0ada7f5ee6fd6/rpds_py-0.30.0-cp314-cp314-musllinux_1_2_aarch64.whl", hash = "sha256:0ed177ed9bded28f8deb6ab40c183cd1192aa0de40c12f38be4d59cd33cb5c65", size = 565606 },
    { url = "https://files.pythonhosted.org/packages/64/91/ac20ba2d69303f961ad8cf55bf7dbdb4763f627291ba3d0d7d67333cced9/rpds_py-0.30.0-cp314-cp314-musllinux_1_2_i686.whl", hash = "sha256:ad1fa8db769b76ea911cb4e10f049d80bf518c104f15b3edb2371cc65375c46f", size = 591126 },
    { url = "https://files.pythonhosted.org/packages/21/20/7ff5f3c8b00c8a95f75985128c26ba44503fb35b8e0259d812766ea966c7/rpds_py-0.30.0-cp314-cp314-musllinux_1_2_x86_64.whl", hash = "sha256:46e83c697b1f1c72b50e5ee5adb4353eef7406fb3f2043d64c33f20ad1c2fc53", size = 553371 },
    { url = "https://files.pythonhosted.org/packages/72/c7/81dadd7b27c8ee391c132a6b192111ca58d866577ce2d9b0ca157552cce0/rpds_py-0.30.0-cp314-cp314-win32.whl", hash = "sha256:ee454b2a007d57363c2dfd5b6ca4a5d7e2c518938f8ed3b706e37e5d470801ed", size = 215298 },
    { url = "https://files.pythonhosted.org/packages/3e/d2/1aaac33287e8cfb07aab2e6b8ac1deca62f6f65411344f1433c55e6f3eb8/rpds_py-0.30.0-cp314-cp314-win_amd64.whl", hash = "sha256:95f0802447ac2d10bcc69f6dc28fe95fdf17940367b21d34e34c737870758950", size = 228604 },
    { url = "https://files.pythonhosted.org/packages/e8/95/ab005315818cc519ad074cb7784dae60d939163108bd2b394e60dc7b5461/rpds_py-0.30.0-cp314-cp314-win_arm64.whl", hash = "sha256:613aa4771c99f03346e54c3f038e4cc574ac09a3ddfb0e8878487335e96dead6", size = 222391 },
    { url = "https://files.pythonhosted.org/packages/9e/68/154fe0194d83b973cdedcdcc88947a2752411165930182ae41d983dcefa6/rpds_py-0.30.0-cp314-cp314t-macosx_10_12_x86_64.whl", hash = "sha256:7e6ecfcb62edfd632e56983964e6884851786443739dbfe3582947e87274f7cb", size = 364868 },
    { url = "https://files.pythonhosted.org/packages/83/69/8bbc8b07ec854d92a8b75668c24d2abcb1719ebf890f5604c61c9369a16f/rpds_py-0.30.0-cp314-cp314t-macosx_11_0_arm64.whl", hash = "sha256:a1d0bc22a7cdc173fedebb73ef81e07faef93692b8c1ad3733b67e31e1b6e1b8", size = 353747 },
    { url = "https://files.pythonhosted.org/packages/ab/00/ba2e50183dbd9abcce9497fa5149c62b4ff3e22d338a30d690f9af970561/rpds_py-0.30.0-cp314-cp314t-manylinux_2_17_aarch64.manylinux2014_aarch64.whl", hash = "sha256:0d08f00679177226c4cb8c5265012eea897c8ca3b93f429e546600c971bcbae7", size = 383795 },
    { url = "https://files.pythonhosted.org/packages/05/6f/86f0272b84926bcb0e4c972262f54223e8ecc556b3224d281e6598fc9268/rpds_py-0.30.0-cp314-cp314t-manylinux_2_17_armv7l.manylinux2014_armv7l.whl", hash = "sha256:5965af57d5848192c13534f90f9dd16464f3c37aaf166cc1da1cae1fd5a34898", size = 393330 },
    { url = "https://files.pythonhosted.org/packages/cb/e9/0e02bb2e6dc63d212641da45df2b0bf29699d01715913e0d0f017ee29438/rpds_py-0.30.0-cp314-cp314t-manylinux_2_17_ppc64le.manylinux2014_ppc64le.whl", hash = "sha256:9a4e86e34e9ab6b667c27f3211ca48f73dba7cd3d90f8d5b11be56e5dbc3fb4e", size = 518194 },
    { url = "https://files.pythonhosted.org/packages/ee/ca/be7bca14cf21513bdf9c0606aba17d1f389ea2b6987035eb4f62bd923f25/rpds_py-0.30.0-cp314-cp314t-manylinux_2_17_s390x.manylinux2014_s390x.whl", hash = "sha256:e5d3e6b26f2c785d65cc25ef1e5267ccbe1b069c5c21b8cc724efee290554419", size = 408340 },
    { url = "https://files.pythonhosted.org/packages/c2/c7/736e00ebf39ed81d75544c0da6ef7b0998f8201b369acf842f9a90dc8fce/rpds_py-0.30.0-cp314-cp314t-manylinux_2_17_x86_64.manylinux2014_x86_64.whl", hash = "sha256:626a7433c34566535b6e56a1b39a7b17ba961e97ce3b80ec62e6f1312c025551", size = 383765 },
    { url = "https://files.pythonhosted.org/packages/4a/3f/da50dfde9956aaf365c4adc9533b100008ed31aea635f2b8d7b627e25b49/rpds_py-0.30.0-cp314-cp314t-manylinux_2_31_riscv64.whl", hash = "sha256:acd7eb3f4471577b9b5a41baf02a978e8bdeb08b4b355273994f8b87032000a8", size = 396834 },
    { url = "https://files.pythonhosted.org/packages/4e/00/34bcc2565b6020eab2623349efbdec810676ad571995911f1abdae62a3a0/rpds_py-0.30.0-cp314-cp314t-manylinux_2_5_i686.manylinux1_i686.whl", hash = "sha256:fe5fa731a1fa8a0a56b0977413f8cacac1768dad38d16b3a296712709476fbd5", size = 415470 },
    { url = "https://files.pythonhosted.org/packages/8c/28/882e72b5b3e6f718d5453bd4d0d9cf8df36fddeb4ddbbab17869d5868616/rpds_py-0.30.0-cp314-cp314t-musllinux_1_2_aarch64.whl", hash = "sha256:74a3243a411126362712ee1524dfc90c650a503502f135d54d1b352bd01f2404", size = 565630 },
    { url = "https://files.pythonhosted.org/packages/3b/97/04a65539c17692de5b85c6e293520fd01317fd878ea1995f0367d4532fb1/rpds_py-0.30.0-cp314-cp314t-musllinux_1_2_i686.whl", hash = "sha256:3e8eeb0544f2eb0d2581774be4c3410356eba189529a6b3e36bbbf9696175856", size = 591148 },
    { url = "https://files.pythonhosted.org/packages/85/70/92482ccffb96f5441aab93e26c4d66489eb599efdcf96fad90c14bbfb976/rpds_py-0.30.0-cp314-cp314t-musllinux_1_2_x86_64.whl", hash = "sha256:dbd936cde57abfee19ab3213cf9c26be06d60750e60a8e4dd85d1ab12c8b1f40", size = 556030 },
    { url = "https://files.pythonhosted.org/packages/20/53/7c7e784abfa500a2b6b583b147ee4bb5a2b3747a9166bab52fec4b5b5e7d/rpds_py-0.30.0-cp314-cp314t-win32.whl", hash = "sha256:dc824125c72246d924f7f796b4f63c1e9dc810c7d9e2355864b3c3a73d59ade0", size = 211570 },
    { url = "https://files.pythonhosted.org/packages/d0/02/fa464cdfbe6b26e0600b62c528b72d8608f5cc49f96b8d6e38c95d60c676/rpds_py-0.30.0-cp314-cp314t-win_amd64.whl", hash = "sha256:27f4b0e92de5bfbc6f86e43959e6edd1425c33b5e69aab0984a72047f2bcf1e3", size = 226532 },
]

[[package]]
name = "ruff"
version = "0.15.5"
source = { registry = "https://pypi.org/simple" }
sdist = { url = "https://files.pythonhosted.org/packages/77/9b/840e0039e65fcf12758adf684d2289024d6140cde9268cc59887dc55189c/ruff-0.15.5.tar.gz", hash = "sha256:7c3601d3b6d76dce18c5c824fc8d06f4eef33d6df0c21ec7799510cde0f159a2", size = 4574214 }
wheels = [
    { url = "https://files.pythonhosted.org/packages/47/20/5369c3ce21588c708bcbe517a8fbe1a8dfdb5dfd5137e14790b1da71612c/ruff-0.15.5-py3-none-linux_armv6l.whl", hash = "sha256:4ae44c42281f42e3b06b988e442d344a5b9b72450ff3c892e30d11b29a96a57c", size = 10478185 },
    { url = "https://files.pythonhosted.org/packages/44/ed/e81dd668547da281e5dce710cf0bc60193f8d3d43833e8241d006720e42b/ruff-0.15.5-py3-none-macosx_10_12_x86_64.whl", hash = "sha256:6edd3792d408ebcf61adabc01822da687579a1a023f297618ac27a5b51ef0080", size = 10859201 },
    { url = "https://files.pythonhosted.org/packages/c4/8f/533075f00aaf19b07c5cd6aa6e5d89424b06b3b3f4583bfa9c640a079059/ruff-0.15.5-py3-none-macosx_11_0_arm64.whl", hash = "sha256:89f463f7c8205a9f8dea9d658d59eff49db05f88f89cc3047fb1a02d9f344010", size = 10184752 },
    { url = "https://files.pythonhosted.org/packages/66/0e/ba49e2c3fa0395b3152bad634c7432f7edfc509c133b8f4529053ff024fb/ruff-0.15.5-py3-none-manylinux_2_17_aarch64.manylinux2014_aarch64.whl", hash = "sha256:ba786a8295c6574c1116704cf0b9e6563de3432ac888d8f83685654fe528fd65", size = 10534857 },
    { url = "https://files.pythonhosted.org/packages/59/71/39234440f27a226475a0659561adb0d784b4d247dfe7f43ffc12dd02e288/ruff-0.15.5-py3-none-manylinux_2_17_armv7l.manylinux2014_armv7l.whl", hash = "sha256:fd4b801e57955fe9f02b31d20375ab3a5c4415f2e5105b79fb94cf2642c91440", size = 10309120 },
    { url = "https://files.pythonhosted.org/packages/f5/87/4140aa86a93df032156982b726f4952aaec4a883bb98cb6ef73c347da253/ruff-0.15.5-py3-none-manylinux_2_17_i686.manylinux2014_i686.whl", hash = "sha256:391f7c73388f3d8c11b794dbbc2959a5b5afe66642c142a6effa90b45f6f5204", size = 11047428 },
    { url = "https://files.pythonhosted.org/packages/5a/f7/4953e7e3287676f78fbe85e3a0ca414c5ca81237b7575bdadc00229ac240/ruff-0.15.5-py3-none-manylinux_2_17_ppc64le.manylinux2014_ppc64le.whl", hash = "sha256:8dc18f30302e379fe1e998548b0f5e9f4dff907f52f73ad6da419ea9c19d66c8", size = 11914251 },
    { url = "https://files.pythonhosted.org/packages/77/46/0f7c865c10cf896ccf5a939c3e84e1cfaeed608ff5249584799a74d33835/ruff-0.15.5-py3-none-manylinux_2_17_s390x.manylinux2014_s390x.whl", hash = "sha256:1cc6e7f90087e2d27f98dc34ed1b3ab7c8f0d273cc5431415454e22c0bd2a681", size = 11333801 },
    { url = "https://files.pythonhosted.org/packages/d3/01/a10fe54b653061585e655f5286c2662ebddb68831ed3eaebfb0eb08c0a16/ruff-0.15.5-py3-none-manylinux_2_17_x86_64.manylinux2014_x86_64.whl", hash = "sha256:c1cb7169f53c1ddb06e71a9aebd7e98fc0fea936b39afb36d8e86d36ecc2636a", size = 11206821 },
    { url = "https://files.pythonhosted.org/packages/7a/0d/2132ceaf20c5e8699aa83da2706ecb5c5dcdf78b453f77edca7fb70f8a93/ruff-0.15.5-py3-none-manylinux_2_31_riscv64.whl", hash = "sha256:9b037924500a31ee17389b5c8c4d88874cc6ea8e42f12e9c61a3d754ff72f1ca", size = 11133326 },
    { url = "https://files.pythonhosted.org/packages/72/cb/2e5259a7eb2a0f87c08c0fe5bf5825a1e4b90883a52685524596bfc93072/ruff-0.15.5-py3-none-musllinux_1_2_aarch64.whl", hash = "sha256:65bb414e5b4eadd95a8c1e4804f6772bbe8995889f203a01f77ddf2d790929dd", size = 10510820 },
    { url = "https://files.pythonhosted.org/packages/ff/20/b67ce78f9e6c59ffbdb5b4503d0090e749b5f2d31b599b554698a80d861c/ruff-0.15.5-py3-none-musllinux_1_2_armv7l.whl", hash = "sha256:d20aa469ae3b57033519c559e9bc9cd9e782842e39be05b50e852c7c981fa01d", size = 10302395 },
    { url = "https://files.pythonhosted.org/packages/5f/e5/719f1acccd31b720d477751558ed74e9c88134adcc377e5e886af89d3072/ruff-0.15.5-py3-none-musllinux_1_2_i686.whl", hash = "sha256:15388dd28c9161cdb8eda68993533acc870aa4e646a0a277aa166de9ad5a8752", size = 10754069 },
    { url = "https://files.pythonhosted.org/packages/c3/9c/d1db14469e32d98f3ca27079dbd30b7b44dbb5317d06ab36718dee3baf03/ruff-0.15.5-py3-none-musllinux_1_2_x86_64.whl", hash = "sha256:b30da330cbd03bed0c21420b6b953158f60c74c54c5f4c1dabbdf3a57bf355d2", size = 11304315 },
    { url = "https://files.pythonhosted.org/packages/28/3a/950367aee7c69027f4f422059227b290ed780366b6aecee5de5039d50fa8/ruff-0.15.5-py3-none-win32.whl", hash = "sha256:732e5ee1f98ba5b3679029989a06ca39a950cced52143a0ea82a2102cb592b74", size = 10551676 },
    { url = "https://files.pythonhosted.org/packages/b8/00/bf077a505b4e649bdd3c47ff8ec967735ce2544c8e4a43aba42ee9bf935d/ruff-0.15.5-py3-none-win_amd64.whl", hash = "sha256:821d41c5fa9e19117616c35eaa3f4b75046ec76c65e7ae20a333e9a8696bc7fe", size = 11678972 },
    { url = "https://files.pythonhosted.org/packages/fe/4e/cd76eca6db6115604b7626668e891c9dd03330384082e33662fb0f113614/ruff-0.15.5-py3-none-win_arm64.whl", hash = "sha256:b498d1c60d2fe5c10c45ec3f698901065772730b411f164ae270bb6bfcc4740b", size = 10965572 },
]

[[package]]
name = "ty"
version = "0.0.21"
source = { registry = "https://pypi.org/simple" }
sdist = { url = "https://files.pythonhosted.org/packages/ee/20/2ba8fd9493c89c41dfe9dbb73bc70a28b28028463bc0d2897ba8be36230a/ty-0.0.21.tar.gz", hash = "sha256:a4c2ba5d67d64df8fcdefd8b280ac1149d24a73dbda82fa953a0dff9d21400ed", size = 5297967 }
wheels = [
    { url = "https://files.pythonhosted.org/packages/36/70/edf38bb37517531681d1c37f5df64744e5ad02673c02eb48447eae4bea08/ty-0.0.21-py3-none-linux_armv6l.whl", hash = "sha256:7bdf2f572378de78e1f388d24691c89db51b7caf07cf90f2bfcc1d6b18b70a76", size = 10299222 },
    { url = "https://files.pythonhosted.org/packages/72/62/0047b0bd19afeefbc7286f20a5f78a2aa39f92b4d89853f0d7185ab89edc/ty-0.0.21-py3-none-macosx_10_12_x86_64.whl", hash = "sha256:7e9613994610431ab8625025bd2880dbcb77c5c9fabdd21134cda12d840a529d", size = 10130513 },
    { url = "https://files.pythonhosted.org/packages/a2/20/0b93a9e91aaed23155780258cdfdb4726ef68b6985378ac069bc427291a0/ty-0.0.21-py3-none-macosx_11_0_arm64.whl", hash = "sha256:56d3b198b64dd0a19b2b66e257deaed2ecea568e722ae5352f3c6fb62027f89d", size = 9605425 },
    { url = "https://files.pythonhosted.org/packages/ea/fd/9945e2fa2996a1287b1e1d7ce050e97e1f420233b271e770934bfa0880a0/ty-0.0.21-py3-none-manylinux_2_17_aarch64.manylinux2014_aarch64.whl", hash = "sha256:d23d2c34f7a77d974bb08f0860ef700addc8a683d81a0319f71c08f87506cfd0", size = 10108298 },
    { url = "https://files.pythonhosted.org/packages/52/e7/4ec52fcb15f3200826c9f048472c062549a05b0d1ef0b51f32d527b513c4/ty-0.0.21-py3-none-manylinux_2_17_armv7l.manylinux2014_armv7l.whl", hash = "sha256:56b01fd2519637a4ca88344f61c96225f540c98ff18bca321d4eaa7bb0f7aa2f", size = 10121556 },
    { url = "https://files.pythonhosted.org/packages/ee/c0/ad457be2a8abea0f25549598bd098554540ced66229488daa0d558dad3c8/ty-0.0.21-py3-none-manylinux_2_17_i686.manylinux2014_i686.whl", hash = "sha256:e9de7e11c63c6afc40f3e9ba716374add171aee7fabc70b5146a510705c6d41b", size = 10603264 },
    { url = "https://files.pythonhosted.org/packages/f8/5b/2ecc7a2175243a4bcb72f5298ae41feabbb93b764bb0dc45722f3752c2c2/ty-0.0.21-py3-none-manylinux_2_17_ppc64le.manylinux2014_ppc64le.whl", hash = "sha256:62f7f5b235c4f7876db305c36997aea07b7af29b1a068f373d0e2547e25f32ff", size = 11196428 },
    { url = "https://files.pythonhosted.org/packages/37/f5/aff507d6a901f328ef96a298032b0c11aaaf950a146ed7dd3b5bf2cd3acf/ty-0.0.21-py3-none-manylinux_2_17_s390x.manylinux2014_s390x.whl", hash = "sha256:ee8399f7c453a425291e6688efe430cfae7ab0ac4ffd50eba9f872bf878b54f6", size = 10866355 },
    { url = "https://files.pythonhosted.org/packages/be/30/822bbcb92d55b65989aa7ed06d9585f28ade9c9447369194ed4b0fb3b5b9/ty-0.0.21-py3-none-manylinux_2_17_x86_64.manylinux2014_x86_64.whl", hash = "sha256:210e7568c9f886c4d01308d751949ee714ad7ad9d7d928d2ba90d329dd880367", size = 10738177 },
    { url = "https://files.pythonhosted.org/packages/57/cc/46e7991b6469e93ac2c7e533a028983e402485580150ac864c56352a3a82/ty-0.0.21-py3-none-musllinux_1_2_aarch64.whl", hash = "sha256:53508e345b11569f78b21ba8e2b4e61df38a9754947fb3cd9f2ef574367338fb", size = 10079158 },
    { url = "https://files.pythonhosted.org/packages/15/c2/0bbdadfbd008240f8f1a87dc877433cb3884436097926107ccf06e618199/ty-0.0.21-py3-none-musllinux_1_2_armv7l.whl", hash = "sha256:553e43571f4a35604c36cfd07d8b61a5eb7a714e3c67f8c4ff2cf674fefbaef9", size = 10150535 },
    { url = "https://files.pythonhosted.org/packages/c5/b5/2dbdb7b57b5362200ef0a39738ebd31331726328336def0143ac097ee59d/ty-0.0.21-py3-none-musllinux_1_2_i686.whl", hash = "sha256:666f6822e3b9200abfa7e95eb0ddd576460adb8d66b550c0ad2c70abc84a2048", size = 10319803 },
    { url = "https://files.pythonhosted.org/packages/72/84/70e52c0b7abc7c2086f9876ef454a73b161d3125315536d8d7e911c94ca4/ty-0.0.21-py3-none-musllinux_1_2_x86_64.whl", hash = "sha256:a0854d008347ce4a5fb351af132f660a390ab2a1163444d075251d43e6f74b9b", size = 10826239 },
    { url = "https://files.pythonhosted.org/packages/a1/8a/1f72480fd013bbc6cd1929002abbbcde9a0b08ead6a15154de9d7f7fa37e/ty-0.0.21-py3-none-win32.whl", hash = "sha256:bef3ab4c7b966bcc276a8ac6c11b63ba222d21355b48d471ea782c4104eee4e0", size = 9693196 },
    { url = "https://files.pythonhosted.org/packages/8d/f8/1104808b875c26c640e536945753a78562d606bef4e241d9dbf3d92477f6/ty-0.0.21-py3-none-win_amd64.whl", hash = "sha256:a709d576e5bea84b745d43058d8b9cd4f27f74a0b24acb4b0cbb7d3d41e0d050", size = 10668660 },
    { url = "https://files.pythonhosted.org/packages/1b/b8/25e0adc404bbf986977657b25318991f93097b49f8aea640d93c0b0db68e/ty-0.0.21-py3-none-win_arm64.whl", hash = "sha256:f72047996598ac20553fb7e21ba5741e3c82dee4e9eadf10d954551a5fe09391", size = 10104161 },
]

[[package]]
name = "typing-extensions"
version = "4.15.0"
source = { registry = "https://pypi.org/simple" }
sdist = { url = "https://files.pythonhosted.org/packages/72/94/1a15dd82efb362ac84269196e94cf00f187f7ed21c242792a923cdb1c61f/typing_extensions-4.15.0.tar.gz", hash = "sha256:0cea48d173cc12fa28ecabc3b837ea3cf6f38c6d1136f85cbaaf598984861466", size = 109391 }
wheels = [
    { url = "https://files.pythonhosted.org/packages/18/67/36e9267722cc04a6b9f15c7f3441c2363321a3ea07da7ae0c0707beb2a9c/typing_extensions-4.15.0-py3-none-any.whl", hash = "sha256:f0fa19c6845758ab08074a0cfa8b7aecb71c999ca73d62883bc25cc018c4e548", size = 44614 },
]

[[package]]
name = "yomi-daemon"
version = "0.0.1"
source = { editable = "." }
dependencies = [
    { name = "jsonschema" },
]

[package.dev-dependencies]
dev = [
    { name = "pytest" },
    { name = "ruff" },
    { name = "ty" },
]

[package.metadata]
requires-dist = [{ name = "jsonschema", specifier = ">=4.23.0" }]

[package.metadata.requires-dev]
dev = [
    { name = "pytest", specifier = ">=8.3.0" },
    { name = "ruff", specifier = ">=0.8.0" },
    { name = "ty", specifier = ">=0.0.1a16" },
]
